
Microsoft Visual Studio Solution File, Format Version 12.00
# Visual Studio Version 17
VisualStudioVersion = 17.7.34009.444
MinimumVisualStudioVersion = 10.0.40219.1
Project("{FAE04EC0-301F-11D3-BF4B-00C04F79EFBC}") = "ITP4915M_Lab", "ITP4915M_Lab\ITP4915M_Lab.csproj", "{B2D3D524-6EDF-4267-A11B-78A2ECAD73F5}"
EndProject
Global
	GlobalSection(SolutionConfigurationPlatforms) = preSolution
		Debug|Any CPU = Debug|Any CPU
		Release|Any CPU = Release|Any CPU
	EndGlobalSection
	GlobalSection(ProjectConfigurationPlatforms) = postSolution
		{B2D3D524-6EDF-4267-A11B-78A2ECAD73F5}.Debug|Any CPU.ActiveCfg = Debug|Any CPU
		{B2D3D524-6EDF-4267-A11B-78A2ECAD73F5}.Debug|Any CPU.Build.0 = Debug|Any CPU
		{B2D3D524-6EDF-4267-A11B-78A2ECAD73F5}.Release|Any CPU.ActiveCfg = Release|Any CPU
		{B2D3D524-6EDF-4267-A11B-78A2ECAD73F5}.Release|Any CPU.Build.0 = Release|Any CPU
	EndGlobalSection
	GlobalSection(SolutionProperties) = preSolution
		HideSolutionNode = FALSE
	EndGlobalSection
	GlobalSection(ExtensibilityGlobals) = postSolution
		SolutionGuid = {30AD4FE0-864F-4396-896A-AB02AB320DD9}
	EndGlobalSection
EndGlobal
